// !$*UTF8*$!
{
	archiveVersion = 1;
	classes = {
	};
	objectVersion = 46;
	objects = {

/* Begin PBXBuildFile section */
		2DCBBC0A1534C0A0001BE91E /* UIKit.framework in Frameworks */ = {isa = PBXBuildFile; fileRef = 2DCBBC091534C0A0001BE91E /* UIKit.framework */; };
		2DCBBC0C1534C0A0001BE91E /* Foundation.framework in Frameworks */ = {isa = PBXBuildFile; fileRef = 2DCBBC0B1534C0A0001BE91E /* Foundation.framework */; };
		2DCBBC0E1534C0A0001BE91E /* CoreGraphics.framework in Frameworks */ = {isa = PBXBuildFile; fileRef = 2DCBBC0D1534C0A0001BE91E /* CoreGraphics.framework */; };
		2DCBBC141534C0A0001BE91E /* InfoPlist.strings in Resources */ = {isa = PBXBuildFile; fileRef = 2DCBBC121534C0A0001BE91E /* InfoPlist.strings */; };
		2DCBBC161534C0A0001BE91E /* main.m in Sources */ = {isa = PBXBuildFile; fileRef = 2DCBBC151534C0A0001BE91E /* main.m */; };
		2DCBBC1A1534C0A1001BE91E /* WVAppDelegate.m in Sources */ = {isa = PBXBuildFile; fileRef = 2DCBBC191534C0A1001BE91E /* WVAppDelegate.m */; };
		2DCBBC1D1534C0A1001BE91E /* WVViewController.m in Sources */ = {isa = PBXBuildFile; fileRef = 2DCBBC1C1534C0A1001BE91E /* WVViewController.m */; };
		2DCBBC201534C0A1001BE91E /* WVViewController_iPhone.xib in Resources */ = {isa = PBXBuildFile; fileRef = 2DCBBC1E1534C0A1001BE91E /* WVViewController_iPhone.xib */; };
		2DCBBC231534C0A1001BE91E /* WVViewController_iPad.xib in Resources */ = {isa = PBXBuildFile; fileRef = 2DCBBC211534C0A1001BE91E /* WVViewController_iPad.xib */; };
		2DCBBC2B1534C0E7001BE91E /* WVDrawView.m in Sources */ = {isa = PBXBuildFile; fileRef = 2DCBBC2A1534C0E7001BE91E /* WVDrawView.m */; };
		2DCBBC321534C28F001BE91E /* WVTuple.m in Sources */ = {isa = PBXBuildFile; fileRef = 2DCBBC311534C28F001BE91E /* WVTuple.m */; };
/* End PBXBuildFile section */

/* Begin PBXFileReference section */
		2DCBBC051534C0A0001BE91E /* WireView.app */ = {isa = PBXFileReference; explicitFileType = wrapper.application; includeInIndex = 0; path = WireView.app; sourceTree = BUILT_PRODUCTS_DIR; };
		2DCBBC091534C0A0001BE91E /* UIKit.framework */ = {isa = PBXFileReference; lastKnownFileType = wrapper.framework; name = UIKit.framework; path = System/Library/Frameworks/UIKit.framework; sourceTree = SDKROOT; };
		2DCBBC0B1534C0A0001BE91E /* Foundation.framework */ = {isa = PBXFileReference; lastKnownFileType = wrapper.framework; name = Foundation.framework; path = System/Library/Frameworks/Foundation.framework; sourceTree = SDKROOT; };
		2DCBBC0D1534C0A0001BE91E /* CoreGraphics.framework */ = {isa = PBXFileReference; lastKnownFileType = wrapper.framework; name = CoreGraphics.framework; path = System/Library/Frameworks/CoreGraphics.framework; sourceTree = SDKROOT; };
		2DCBBC111534C0A0001BE91E /* WireView-Info.plist */ = {isa = PBXFileReference; lastKnownFileType = text.plist.xml; path = "WireView-Info.plist"; sourceTree = "<group>"; };
		2DCBBC131534C0A0001BE91E /* en */ = {isa = PBXFileReference; lastKnownFileType = text.plist.strings; name = en; path = en.lproj/InfoPlist.strings; sourceTree = "<group>"; };
		2DCBBC151534C0A0001BE91E /* main.m */ = {isa = PBXFileReference; lastKnownFileType = sourcecode.c.objc; path = main.m; sourceTree = "<group>"; };
		2DCBBC171534C0A0001BE91E /* WireView-Prefix.pch */ = {isa = PBXFileReference; lastKnownFileType = sourcecode.c.h; path = "WireView-Prefix.pch"; sourceTree = "<group>"; };
		2DCBBC181534C0A1001BE91E /* WVAppDelegate.h */ = {isa = PBXFileReference; lastKnownFileType = sourcecode.c.h; path = WVAppDelegate.h; sourceTree = "<group>"; };
		2DCBBC191534C0A1001BE91E /* WVAppDelegate.m */ = {isa = PBXFileReference; lastKnownFileType = sourcecode.c.objc; path = WVAppDelegate.m; sourceTree = "<group>"; };
		2DCBBC1B1534C0A1001BE91E /* WVViewController.h */ = {isa = PBXFileReference; lastKnownFileType = sourcecode.c.h; path = WVViewController.h; sourceTree = "<group>"; };
		2DCBBC1C1534C0A1001BE91E /* WVViewController.m */ = {isa = PBXFileReference; lastKnownFileType = sourcecode.c.objc; path = WVViewController.m; sourceTree = "<group>"; };
		2DCBBC1F1534C0A1001BE91E /* en */ = {isa = PBXFileReference; lastKnownFileType = file.xib; name = en; path = en.lproj/WVViewController_iPhone.xib; sourceTree = "<group>"; };
		2DCBBC221534C0A1001BE91E /* en */ = {isa = PBXFileReference; lastKnownFileType = file.xib; name = en; path = en.lproj/WVViewController_iPad.xib; sourceTree = "<group>"; };
		2DCBBC291534C0E7001BE91E /* WVDrawView.h */ = {isa = PBXFileReference; fileEncoding = 4; lastKnownFileType = sourcecode.c.h; path = WVDrawView.h; sourceTree = "<group>"; };
		2DCBBC2A1534C0E7001BE91E /* WVDrawView.m */ = {isa = PBXFileReference; fileEncoding = 4; lastKnownFileType = sourcecode.c.objc; path = WVDrawView.m; sourceTree = "<group>"; };
		2DCBBC301534C28F001BE91E /* WVTuple.h */ = {isa = PBXFileReference; fileEncoding = 4; lastKnownFileType = sourcecode.c.h; path = WVTuple.h; sourceTree = "<group>"; };
		2DCBBC311534C28F001BE91E /* WVTuple.m */ = {isa = PBXFileReference; fileEncoding = 4; lastKnownFileType = sourcecode.c.objc; path = WVTuple.m; sourceTree = "<group>"; };
/* End PBXFileReference section */

/* Begin PBXFrameworksBuildPhase section */
		2DCBBC021534C0A0001BE91E /* Frameworks */ = {
			isa = PBXFrameworksBuildPhase;
			buildActionMask = 2147483647;
			files = (
				2DCBBC0A1534C0A0001BE91E /* UIKit.framework in Frameworks */,
				2DCBBC0C1534C0A0001BE91E /* Foundation.framework in Frameworks */,
				2DCBBC0E1534C0A0001BE91E /* CoreGraphics.framework in Frameworks */,
			);
			runOnlyForDeploymentPostprocessing = 0;
		};
/* End PBXFrameworksBuildPhase section */

/* Begin PBXGroup section */
		2DCBBBFA1534C0A0001BE91E = {
			isa = PBXGroup;
			children = (
				2DCBBC0F1534C0A0001BE91E /* WireView */,
				2DCBBC081534C0A0001BE91E /* Frameworks */,
				2DCBBC061534C0A0001BE91E /* Products */,
			);
			sourceTree = "<group>";
		};
		2DCBBC061534C0A0001BE91E /* Products */ = {
			isa = PBXGroup;
			children = (
				2DCBBC051534C0A0001BE91E /* WireView.app */,
			);
			name = Products;
			sourceTree = "<group>";
		};
		2DCBBC081534C0A0001BE91E /* Frameworks */ = {
			isa = PBXGroup;
			children = (
				2DCBBC091534C0A0001BE91E /* UIKit.framework */,
				2DCBBC0B1534C0A0001BE91E /* Foundation.framework */,
				2DCBBC0D1534C0A0001BE91E /* CoreGraphics.framework */,
			);
			name = Frameworks;
			sourceTree = "<group>";
		};
		2DCBBC0F1534C0A0001BE91E /* WireView */ = {
			isa = PBXGroup;
			children = (
				2DCBBC181534C0A1001BE91E /* WVAppDelegate.h */,
				2DCBBC191534C0A1001BE91E /* WVAppDelegate.m */,
				2DCBBC1B1534C0A1001BE91E /* WVViewController.h */,
				2DCBBC1C1534C0A1001BE91E /* WVViewController.m */,
				2DCBBC1E1534C0A1001BE91E /* WVViewController_iPhone.xib */,
				2DCBBC211534C0A1001BE91E /* WVViewController_iPad.xib */,
				2DCBBC101534C0A0001BE91E /* Supporting Files */,
				2DCBBC291534C0E7001BE91E /* WVDrawView.h */,
				2DCBBC2A1534C0E7001BE91E /* WVDrawView.m */,
				2DCBBC301534C28F001BE91E /* WVTuple.h */,
				2DCBBC311534C28F001BE91E /* WVTuple.m */,
			);
			path = WireView;
			sourceTree = "<group>";
		};
		2DCBBC101534C0A0001BE91E /* Supporting Files */ = {
			isa = PBXGroup;
			children = (
				2DCBBC111534C0A0001BE91E /* WireView-Info.plist */,
				2DCBBC121534C0A0001BE91E /* InfoPlist.strings */,
				2DCBBC151534C0A0001BE91E /* main.m */,
				2DCBBC171534C0A0001BE91E /* WireView-Prefix.pch */,
			);
			name = "Supporting Files";
			sourceTree = "<group>";
		};
/* End PBXGroup section */

/* Begin PBXNativeTarget section */
		2DCBBC041534C0A0001BE91E /* WireView */ = {
			isa = PBXNativeTarget;
			buildConfigurationList = 2DCBBC261534C0A1001BE91E /* Build configuration list for PBXNativeTarget "WireView" */;
			buildPhases = (
				2DCBBC011534C0A0001BE91E /* Sources */,
				2DCBBC021534C0A0001BE91E /* Frameworks */,
				2DCBBC031534C0A0001BE91E /* Resources */,
			);
			buildRules = (
			);
			dependencies = (
			);
			name = WireView;
			productName = WireView;
			productReference = 2DCBBC051534C0A0001BE91E /* WireView.app */;
			productType = "com.apple.product-type.application";
		};
/* End PBXNativeTarget section */

/* Begin PBXProject section */
		2DCBBBFC1534C0A0001BE91E /* Project object */ = {
			isa = PBXProject;
			attributes = {
				CLASSPREFIX = WV;
				LastUpgradeCheck = 0430;
			};
			buildConfigurationList = 2DCBBBFF1534C0A0001BE91E /* Build configuration list for PBXProject "WireView" */;
			compatibilityVersion = "Xcode 3.2";
			developmentRegion = English;
			hasScannedForEncodings = 0;
			knownRegions = (
				en,
			);
			mainGroup = 2DCBBBFA1534C0A0001BE91E;
			productRefGroup = 2DCBBC061534C0A0001BE91E /* Products */;
			projectDirPath = "";
			projectRoot = "";
			targets = (
				2DCBBC041534C0A0001BE91E /* WireView */,
			);
		};
/* End PBXProject section */

/* Begin PBXResourcesBuildPhase section */
		2DCBBC031534C0A0001BE91E /* Resources */ = {
			isa = PBXResourcesBuildPhase;
			buildActionMask = 2147483647;
			files = (
				2DCBBC141534C0A0001BE91E /* InfoPlist.strings in Resources */,
				2DCBBC201534C0A1001BE91E /* WVViewController_iPhone.xib in Resources */,
				2DCBBC231534C0A1001BE91E /* WVViewController_iPad.xib in Resources */,
			);
			runOnlyForDeploymentPostprocessing = 0;
		};
/* End PBXResourcesBuildPhase section */

/* Begin PBXSourcesBuildPhase section */
		2DCBBC011534C0A0001BE91E /* Sources */ = {
			isa = PBXSourcesBuildPhase;
			buildActionMask = 2147483647;
			files = (
				2DCBBC161534C0A0001BE91E /* main.m in Sources */,
				2DCBBC1A1534C0A1001BE91E /* WVAppDelegate.m in Sources */,
				2DCBBC1D1534C0A1001BE91E /* WVViewController.m in Sources */,
				2DCBBC2B1534C0E7001BE91E /* WVDrawView.m in Sources */,
				2DCBBC321534C28F001BE91E /* WVTuple.m in Sources */,
			);
			runOnlyForDeploymentPostprocessing = 0;
		};
/* End PBXSourcesBuildPhase section */

/* Begin PBXVariantGroup section */
		2DCBBC121534C0A0001BE91E /* InfoPlist.strings */ = {
			isa = PBXVariantGroup;
			children = (
				2DCBBC131534C0A0001BE91E /* en */,
			);
			name = InfoPlist.strings;
			sourceTree = "<group>";
		};
		2DCBBC1E1534C0A1001BE91E /* WVViewController_iPhone.xib */ = {
			isa = PBXVariantGroup;
			children = (
				2DCBBC1F1534C0A1001BE91E /* en */,
			);
			name = WVViewController_iPhone.xib;
			sourceTree = "<group>";
		};
		2DCBBC211534C0A1001BE91E /* WVViewController_iPad.xib */ = {
			isa = PBXVariantGroup;
			children = (
				2DCBBC221534C0A1001BE91E /* en */,
			);
			name = WVViewController_iPad.xib;
			sourceTree = "<group>";
		};
/* End PBXVariantGroup section */

/* Begin XCBuildConfiguration section */
		2DCBBC241534C0A1001BE91E /* Debug */ = {
			isa = XCBuildConfiguration;
			buildSettings = {
				ALWAYS_SEARCH_USER_PATHS = NO;
				ARCHS = "$(ARCHS_STANDARD_32_BIT)";
				CLANG_ENABLE_OBJC_ARC = YES;
				"CODE_SIGN_IDENTITY[sdk=iphoneos*]" = "iPhone Developer";
				COPY_PHASE_STRIP = NO;
				GCC_C_LANGUAGE_STANDARD = gnu99;
				GCC_DYNAMIC_NO_PIC = NO;
				GCC_OPTIMIZATION_LEVEL = 0;
				GCC_PREPROCESSOR_DEFINITIONS = (
					"DEBUG=1",
					"$(inherited)",
				);
				GCC_SYMBOLS_PRIVATE_EXTERN = NO;
				GCC_VERSION = com.apple.compilers.llvm.clang.1_0;
				GCC_WARN_ABOUT_RETURN_TYPE = YES;
				GCC_WARN_UNINITIALIZED_AUTOS = YES;
				GCC_WARN_UNUSED_VARIABLE = YES;
				IPHONEOS_DEPLOYMENT_TARGET = 5.1;
				SDKROOT = iphoneos;
				TARGETED_DEVICE_FAMILY = "1,2";
			};
			name = Debug;
		};
		2DCBBC251534C0A1001BE91E /* Release */ = {
			isa = XCBuildConfiguration;
			buildSettings = {
				ALWAYS_SEARCH_USER_PATHS = NO;
				ARCHS = "$(ARCHS_STANDARD_32_BIT)";
				CLANG_ENABLE_OBJC_ARC = YES;
				"CODE_SIGN_IDENTITY[sdk=iphoneos*]" = "iPhone Developer";
				COPY_PHASE_STRIP = YES;
				GCC_C_LANGUAGE_STANDARD = gnu99;
				GCC_VERSION = com.apple.compilers.llvm.clang.1_0;
				GCC_WARN_ABOUT_RETURN_TYPE = YES;
				GCC_WARN_UNINITIALIZED_AUTOS = YES;
				GCC_WARN_UNUSED_VARIABLE = YES;
				IPHONEOS_DEPLOYMENT_TARGET = 5.1;
				OTHER_CFLAGS = "-DNS_BLOCK_ASSERTIONS=1";
				SDKROOT = iphoneos;
				TARGETED_DEVICE_FAMILY = "1,2";
				VALIDATE_PRODUCT = YES;
			};
			name = Release;
		};
		2DCBBC271534C0A1001BE91E /* Debug */ = {
			isa = XCBuildConfiguration;
			buildSettings = {
				GCC_PRECOMPILE_PREFIX_HEADER = YES;
				GCC_PREFIX_HEADER = "WireView/WireView-Prefix.pch";
				INFOPLIST_FILE = "WireView/WireView-Info.plist";
				PRODUCT_NAME = "$(TARGET_NAME)";
				WRAPPER_EXTENSION = app;
			};
			name = Debug;
		};
		2DCBBC281534C0A1001BE91E /* Release */ = {
			isa = XCBuildConfiguration;
			buildSettings = {
				GCC_PRECOMPILE_PREFIX_HEADER = YES;
				GCC_PREFIX_HEADER = "WireView/WireView-Prefix.pch";
				INFOPLIST_FILE = "WireView/WireView-Info.plist";
				PRODUCT_NAME = "$(TARGET_NAME)";
				WRAPPER_EXTENSION = app;
			};
			name = Release;
		};
/* End XCBuildConfiguration section */

/* Begin XCConfigurationList section */
		2DCBBBFF1534C0A0001BE91E /* Build configuration list for PBXProject "WireView" */ = {
			isa = XCConfigurationList;
			buildConfigurations = (
				2DCBBC241534C0A1001BE91E /* Debug */,
				2DCBBC251534C0A1001BE91E /* Release */,
			);
			defaultConfigurationIsVisible = 0;
			defaultConfigurationName = Release;
		};
		2DCBBC261534C0A1001BE91E /* Build configuration list for PBXNativeTarget "WireView" */ = {
			isa = XCConfigurationList;
			buildConfigurations = (
				2DCBBC271534C0A1001BE91E /* Debug */,
				2DCBBC281534C0A1001BE91E /* Release */,
			);
			defaultConfigurationIsVisible = 0;
		};
/* End XCConfigurationList section */
	};
	rootObject = 2DCBBBFC1534C0A0001BE91E /* Project object */;
}
